
Microsoft Visual Studio Solution File, Format Version 12.00
# Visual Studio 2012
Project("{FAE04EC0-301F-11D3-BF4B-00C04F79EFBC}") = "Shopping.Web", "ShoppingWesell\Shopping.Web.csproj", "{8081CC05-35C7-4972-B5EA-4630AE565A68}"
EndProject
Project("{FAE04EC0-301F-11D3-BF4B-00C04F79EFBC}") = "Shopping.Dominio", "Shopping.Dominio\Shopping.Dominio.csproj", "{30E53A67-C02C-45DB-9296-AB225E1601EE}"
EndProject
Project("{FAE04EC0-301F-11D3-BF4B-00C04F79EFBC}") = "Shopping.InfraEstrutura", "Shopping.InfraEstrutura\Shopping.InfraEstrutura.csproj", "{DC5B7CA8-A052-4A19-B9D3-472F8E130091}"
EndProject
Project("{FAE04EC0-301F-11D3-BF4B-00C04F79EFBC}") = "Common", "Common\Common.csproj", "{13FC9AB5-D4CA-42A1-9CAF-F2C91F5FB32B}"
EndProject
Project("{FAE04EC0-301F-11D3-BF4B-00C04F79EFBC}") = "Shopping.Autenticacao", "Shopping.Autenticacao\Shopping.Autenticacao.csproj", "{82DF713B-D8A3-4488-A44B-A3F05E51A8AE}"
EndProject
Global
	GlobalSection(SolutionConfigurationPlatforms) = preSolution
		Debug|Any CPU = Debug|Any CPU
		Release|Any CPU = Release|Any CPU
	EndGlobalSection
	GlobalSection(ProjectConfigurationPlatforms) = postSolution
		{8081CC05-35C7-4972-B5EA-4630AE565A68}.Debug|Any CPU.ActiveCfg = Debug|Any CPU
		{8081CC05-35C7-4972-B5EA-4630AE565A68}.Debug|Any CPU.Build.0 = Debug|Any CPU
		{8081CC05-35C7-4972-B5EA-4630AE565A68}.Release|Any CPU.ActiveCfg = Release|Any CPU
		{8081CC05-35C7-4972-B5EA-4630AE565A68}.Release|Any CPU.Build.0 = Release|Any CPU
		{30E53A67-C02C-45DB-9296-AB225E1601EE}.Debug|Any CPU.ActiveCfg = Debug|Any CPU
		{30E53A67-C02C-45DB-9296-AB225E1601EE}.Debug|Any CPU.Build.0 = Debug|Any CPU
		{30E53A67-C02C-45DB-9296-AB225E1601EE}.Release|Any CPU.ActiveCfg = Release|Any CPU
		{30E53A67-C02C-45DB-9296-AB225E1601EE}.Release|Any CPU.Build.0 = Release|Any CPU
		{DC5B7CA8-A052-4A19-B9D3-472F8E130091}.Debug|Any CPU.ActiveCfg = Debug|Any CPU
		{DC5B7CA8-A052-4A19-B9D3-472F8E130091}.Debug|Any CPU.Build.0 = Debug|Any CPU
		{DC5B7CA8-A052-4A19-B9D3-472F8E130091}.Release|Any CPU.ActiveCfg = Release|Any CPU
		{DC5B7CA8-A052-4A19-B9D3-472F8E130091}.Release|Any CPU.Build.0 = Release|Any CPU
		{13FC9AB5-D4CA-42A1-9CAF-F2C91F5FB32B}.Debug|Any CPU.ActiveCfg = Debug|Any CPU
		{13FC9AB5-D4CA-42A1-9CAF-F2C91F5FB32B}.Debug|Any CPU.Build.0 = Debug|Any CPU
		{13FC9AB5-D4CA-42A1-9CAF-F2C91F5FB32B}.Release|Any CPU.ActiveCfg = Release|Any CPU
		{13FC9AB5-D4CA-42A1-9CAF-F2C91F5FB32B}.Release|Any CPU.Build.0 = Release|Any CPU
		{82DF713B-D8A3-4488-A44B-A3F05E51A8AE}.Debug|Any CPU.ActiveCfg = Debug|Any CPU
		{82DF713B-D8A3-4488-A44B-A3F05E51A8AE}.Debug|Any CPU.Build.0 = Debug|Any CPU
		{82DF713B-D8A3-4488-A44B-A3F05E51A8AE}.Release|Any CPU.ActiveCfg = Release|Any CPU
		{82DF713B-D8A3-4488-A44B-A3F05E51A8AE}.Release|Any CPU.Build.0 = Release|Any CPU
	EndGlobalSection
	GlobalSection(SolutionProperties) = preSolution
		HideSolutionNode = FALSE
	EndGlobalSection
EndGlobal
